// !$*UTF8*$!
{
	archiveVersion = 1;
	classes = {
	};
	objectVersion = 48;
	objects = {

/* Begin PBXBuildFile section */
		F20441AA1FAAAF5C00032128 /* SideBar.swift in Sources */ = {isa = PBXBuildFile; fileRef = F20441A91FAAAF5C00032128 /* SideBar.swift */; };
		F239A0E21FA0377200BC7D46 /* LoginViewController.swift in Sources */ = {isa = PBXBuildFile; fileRef = F239A0E11FA0377200BC7D46 /* LoginViewController.swift */; };
		F239A0E41FA0378600BC7D46 /* RegisterViewController.swift in Sources */ = {isa = PBXBuildFile; fileRef = F239A0E31FA0378600BC7D46 /* RegisterViewController.swift */; };
		F239A0E61FA037B400BC7D46 /* MainMenuViewController.swift in Sources */ = {isa = PBXBuildFile; fileRef = F239A0E51FA037B400BC7D46 /* MainMenuViewController.swift */; };
		F239A0E81FA04B9A00BC7D46 /* UIHelpers.swift in Sources */ = {isa = PBXBuildFile; fileRef = F239A0E71FA04B9A00BC7D46 /* UIHelpers.swift */; };
		F2A407E71FB40262002677B0 /* HomeMenu.storyboard in Resources */ = {isa = PBXBuildFile; fileRef = F2A407E61FB40262002677B0 /* HomeMenu.storyboard */; };
		F2A407EB1FB416A3002677B0 /* SideMenu.storyboard in Resources */ = {isa = PBXBuildFile; fileRef = F2A407EA1FB416A3002677B0 /* SideMenu.storyboard */; };
		F2A407ED1FB416EC002677B0 /* SettingsViewController.swift in Sources */ = {isa = PBXBuildFile; fileRef = F2A407EC1FB416EC002677B0 /* SettingsViewController.swift */; };
		F2A407EF1FB41737002677B0 /* SideMenuViewController.swift in Sources */ = {isa = PBXBuildFile; fileRef = F2A407EE1FB41737002677B0 /* SideMenuViewController.swift */; };
		F2A407F11FB41A6E002677B0 /* SpareChange in Resources */ = {isa = PBXBuildFile; fileRef = F2A407F01FB41A6E002677B0 /* SpareChange */; };
		F2A407F81FB41AD6002677B0 /* SWRevealViewController.m in Sources */ = {isa = PBXBuildFile; fileRef = F2A407F61FB41AD6002677B0 /* SWRevealViewController.m */; };
		F2E5FEEC1FA0163B008E7DA0 /* AppDelegate.swift in Sources */ = {isa = PBXBuildFile; fileRef = F2E5FEEB1FA0163B008E7DA0 /* AppDelegate.swift */; };
		F2E5FEEE1FA0163B008E7DA0 /* ViewController.swift in Sources */ = {isa = PBXBuildFile; fileRef = F2E5FEED1FA0163B008E7DA0 /* ViewController.swift */; };
		F2E5FEF11FA0163B008E7DA0 /* Main.storyboard in Resources */ = {isa = PBXBuildFile; fileRef = F2E5FEEF1FA0163B008E7DA0 /* Main.storyboard */; };
		F2E5FEF31FA0163B008E7DA0 /* Assets.xcassets in Resources */ = {isa = PBXBuildFile; fileRef = F2E5FEF21FA0163B008E7DA0 /* Assets.xcassets */; };
		F2E5FEF61FA0163B008E7DA0 /* LaunchScreen.storyboard in Resources */ = {isa = PBXBuildFile; fileRef = F2E5FEF41FA0163B008E7DA0 /* LaunchScreen.storyboard */; };
		F2E5FEFE1FA0170E008E7DA0 /* GoogleService-Info.plist in Resources */ = {isa = PBXBuildFile; fileRef = F2E5FEFD1FA0170E008E7DA0 /* GoogleService-Info.plist */; };
		FF173ED38C06C5A1AAE13541 /* Pods_SpareChange.framework in Frameworks */ = {isa = PBXBuildFile; fileRef = 01F95CD0BCB1D63F9299A1CC /* Pods_SpareChange.framework */; };
/* End PBXBuildFile section */

/* Begin PBXFileReference section */
		01F95CD0BCB1D63F9299A1CC /* Pods_SpareChange.framework */ = {isa = PBXFileReference; explicitFileType = wrapper.framework; includeInIndex = 0; path = Pods_SpareChange.framework; sourceTree = BUILT_PRODUCTS_DIR; };
		315DC5A67E7B714DDC289E9D /* Pods-SpareChange.release.xcconfig */ = {isa = PBXFileReference; includeInIndex = 1; lastKnownFileType = text.xcconfig; name = "Pods-SpareChange.release.xcconfig"; path = "Pods/Target Support Files/Pods-SpareChange/Pods-SpareChange.release.xcconfig"; sourceTree = "<group>"; };
		42A6ED41FA3A4F276FFC4F68 /* Pods-SpareChange.debug.xcconfig */ = {isa = PBXFileReference; includeInIndex = 1; lastKnownFileType = text.xcconfig; name = "Pods-SpareChange.debug.xcconfig"; path = "Pods/Target Support Files/Pods-SpareChange/Pods-SpareChange.debug.xcconfig"; sourceTree = "<group>"; };
		F20441A91FAAAF5C00032128 /* SideBar.swift */ = {isa = PBXFileReference; lastKnownFileType = sourcecode.swift; path = SideBar.swift; sourceTree = "<group>"; };
		F239A0E11FA0377200BC7D46 /* LoginViewController.swift */ = {isa = PBXFileReference; lastKnownFileType = sourcecode.swift; path = LoginViewController.swift; sourceTree = "<group>"; };
		F239A0E31FA0378600BC7D46 /* RegisterViewController.swift */ = {isa = PBXFileReference; lastKnownFileType = sourcecode.swift; path = RegisterViewController.swift; sourceTree = "<group>"; };
		F239A0E51FA037B400BC7D46 /* MainMenuViewController.swift */ = {isa = PBXFileReference; lastKnownFileType = sourcecode.swift; path = MainMenuViewController.swift; sourceTree = "<group>"; };
		F239A0E71FA04B9A00BC7D46 /* UIHelpers.swift */ = {isa = PBXFileReference; lastKnownFileType = sourcecode.swift; path = UIHelpers.swift; sourceTree = "<group>"; };
		F2A407E61FB40262002677B0 /* HomeMenu.storyboard */ = {isa = PBXFileReference; lastKnownFileType = file.storyboard; path = HomeMenu.storyboard; sourceTree = "<group>"; };
		F2A407EA1FB416A3002677B0 /* SideMenu.storyboard */ = {isa = PBXFileReference; fileEncoding = 4; lastKnownFileType = file.storyboard; path = SideMenu.storyboard; sourceTree = "<group>"; };
		F2A407EC1FB416EC002677B0 /* SettingsViewController.swift */ = {isa = PBXFileReference; fileEncoding = 4; lastKnownFileType = sourcecode.swift; path = SettingsViewController.swift; sourceTree = "<group>"; };
		F2A407EE1FB41737002677B0 /* SideMenuViewController.swift */ = {isa = PBXFileReference; fileEncoding = 4; lastKnownFileType = sourcecode.swift; path = SideMenuViewController.swift; sourceTree = "<group>"; };
		F2A407F01FB41A6E002677B0 /* SpareChange */ = {isa = PBXFileReference; lastKnownFileType = folder; name = SpareChange; sourceTree = "<group>"; };
		F2A407F61FB41AD6002677B0 /* SWRevealViewController.m */ = {isa = PBXFileReference; fileEncoding = 4; lastKnownFileType = sourcecode.c.objc; path = SWRevealViewController.m; sourceTree = "<group>"; };
		F2A407F71FB41AD6002677B0 /* SWRevealViewController.h */ = {isa = PBXFileReference; fileEncoding = 4; lastKnownFileType = sourcecode.c.h; path = SWRevealViewController.h; sourceTree = "<group>"; };
		F2A407F91FB41ADC002677B0 /* SideMenuTutorial-Bridging-Header.h */ = {isa = PBXFileReference; lastKnownFileType = sourcecode.c.h; path = "SideMenuTutorial-Bridging-Header.h"; sourceTree = "<group>"; };
		F2E5FEE81FA0163B008E7DA0 /* SpareChange.app */ = {isa = PBXFileReference; explicitFileType = wrapper.application; includeInIndex = 0; path = SpareChange.app; sourceTree = BUILT_PRODUCTS_DIR; };
		F2E5FEEB1FA0163B008E7DA0 /* AppDelegate.swift */ = {isa = PBXFileReference; lastKnownFileType = sourcecode.swift; path = AppDelegate.swift; sourceTree = "<group>"; };
		F2E5FEED1FA0163B008E7DA0 /* ViewController.swift */ = {isa = PBXFileReference; lastKnownFileType = sourcecode.swift; path = ViewController.swift; sourceTree = "<group>"; };
		F2E5FEF01FA0163B008E7DA0 /* Base */ = {isa = PBXFileReference; lastKnownFileType = file.storyboard; name = Base; path = Base.lproj/Main.storyboard; sourceTree = "<group>"; };
		F2E5FEF21FA0163B008E7DA0 /* Assets.xcassets */ = {isa = PBXFileReference; lastKnownFileType = folder.assetcatalog; path = Assets.xcassets; sourceTree = "<group>"; };
		F2E5FEF51FA0163B008E7DA0 /* Base */ = {isa = PBXFileReference; lastKnownFileType = file.storyboard; name = Base; path = Base.lproj/LaunchScreen.storyboard; sourceTree = "<group>"; };
		F2E5FEF71FA0163B008E7DA0 /* Info.plist */ = {isa = PBXFileReference; lastKnownFileType = text.plist.xml; path = Info.plist; sourceTree = "<group>"; };
		F2E5FEFD1FA0170E008E7DA0 /* GoogleService-Info.plist */ = {isa = PBXFileReference; fileEncoding = 4; lastKnownFileType = text.plist.xml; name = "GoogleService-Info.plist"; path = "../../../../../../Downloads/GoogleService-Info.plist"; sourceTree = "<group>"; };
/* End PBXFileReference section */

/* Begin PBXFrameworksBuildPhase section */
		F2E5FEE51FA0163B008E7DA0 /* Frameworks */ = {
			isa = PBXFrameworksBuildPhase;
			buildActionMask = 2147483647;
			files = (
				FF173ED38C06C5A1AAE13541 /* Pods_SpareChange.framework in Frameworks */,
			);
			runOnlyForDeploymentPostprocessing = 0;
		};
/* End PBXFrameworksBuildPhase section */

/* Begin PBXGroup section */
		0B359475C4B656BB8C2DC05C /* Frameworks */ = {
			isa = PBXGroup;
			children = (
				01F95CD0BCB1D63F9299A1CC /* Pods_SpareChange.framework */,
			);
			name = Frameworks;
			sourceTree = "<group>";
		};
		1C4BCE87A838EA1DE1B60371 /* Pods */ = {
			isa = PBXGroup;
			children = (
				42A6ED41FA3A4F276FFC4F68 /* Pods-SpareChange.debug.xcconfig */,
				315DC5A67E7B714DDC289E9D /* Pods-SpareChange.release.xcconfig */,
			);
			name = Pods;
			sourceTree = "<group>";
		};
		F239A0E01FA0374600BC7D46 /* Controllers */ = {
			isa = PBXGroup;
			children = (
				F2A407EC1FB416EC002677B0 /* SettingsViewController.swift */,
				F239A0E11FA0377200BC7D46 /* LoginViewController.swift */,
				F2A407EE1FB41737002677B0 /* SideMenuViewController.swift */,
				F239A0E31FA0378600BC7D46 /* RegisterViewController.swift */,
				F239A0E51FA037B400BC7D46 /* MainMenuViewController.swift */,
				F239A0E71FA04B9A00BC7D46 /* UIHelpers.swift */,
				F20441A91FAAAF5C00032128 /* SideBar.swift */,
			);
			path = Controllers;
			sourceTree = "<group>";
		};
		F2A407E51FB40205002677B0 /* Storyboards */ = {
			isa = PBXGroup;
			children = (
				F2E5FEEF1FA0163B008E7DA0 /* Main.storyboard */,
				F2A407E61FB40262002677B0 /* HomeMenu.storyboard */,
				F2A407EA1FB416A3002677B0 /* SideMenu.storyboard */,
			);
			path = Storyboards;
			sourceTree = "<group>";
		};
		F2A407F51FB41A79002677B0 /* Supporting Files */ = {
			isa = PBXGroup;
			children = (
				F2A407F71FB41AD6002677B0 /* SWRevealViewController.h */,
				F2A407F91FB41ADC002677B0 /* SideMenuTutorial-Bridging-Header.h */,
				F2A407F61FB41AD6002677B0 /* SWRevealViewController.m */,
			);
			name = "Supporting Files";
			sourceTree = "<group>";
		};
		F2E5FEDF1FA0163A008E7DA0 = {
			isa = PBXGroup;
			children = (
				F2A407F51FB41A79002677B0 /* Supporting Files */,
				F2A407E51FB40205002677B0 /* Storyboards */,
				F239A0E01FA0374600BC7D46 /* Controllers */,
				F2E5FEEA1FA0163B008E7DA0 /* SpareChange */,
				F2A407F01FB41A6E002677B0 /* SpareChange */,
				F2E5FEE91FA0163B008E7DA0 /* Products */,
				1C4BCE87A838EA1DE1B60371 /* Pods */,
				0B359475C4B656BB8C2DC05C /* Frameworks */,
			);
			sourceTree = "<group>";
		};
		F2E5FEE91FA0163B008E7DA0 /* Products */ = {
			isa = PBXGroup;
			children = (
				F2E5FEE81FA0163B008E7DA0 /* SpareChange.app */,
			);
			name = Products;
			sourceTree = "<group>";
		};
		F2E5FEEA1FA0163B008E7DA0 /* SpareChange */ = {
			isa = PBXGroup;
			children = (
				F2E5FEEB1FA0163B008E7DA0 /* AppDelegate.swift */,
				F2E5FEED1FA0163B008E7DA0 /* ViewController.swift */,
				F2E5FEF21FA0163B008E7DA0 /* Assets.xcassets */,
				F2E5FEFD1FA0170E008E7DA0 /* GoogleService-Info.plist */,
				F2E5FEF41FA0163B008E7DA0 /* LaunchScreen.storyboard */,
				F2E5FEF71FA0163B008E7DA0 /* Info.plist */,
			);
			path = SpareChange;
			sourceTree = "<group>";
		};
/* End PBXGroup section */

/* Begin PBXNativeTarget section */
		F2E5FEE71FA0163B008E7DA0 /* SpareChange */ = {
			isa = PBXNativeTarget;
			buildConfigurationList = F2E5FEFA1FA0163B008E7DA0 /* Build configuration list for PBXNativeTarget "SpareChange" */;
			buildPhases = (
				CFB2FD57508A8D52712FE978 /* [CP] Check Pods Manifest.lock */,
				F2E5FEE41FA0163B008E7DA0 /* Sources */,
				F2E5FEE51FA0163B008E7DA0 /* Frameworks */,
				F2E5FEE61FA0163B008E7DA0 /* Resources */,
				1D2FC1E2A3102E9B89AC6189 /* [CP] Embed Pods Frameworks */,
				8363226C05A7185E20A733B3 /* [CP] Copy Pods Resources */,
			);
			buildRules = (
			);
			dependencies = (
			);
			name = SpareChange;
			productName = SpareChange;
			productReference = F2E5FEE81FA0163B008E7DA0 /* SpareChange.app */;
			productType = "com.apple.product-type.application";
		};
/* End PBXNativeTarget section */

/* Begin PBXProject section */
		F2E5FEE01FA0163A008E7DA0 /* Project object */ = {
			isa = PBXProject;
			attributes = {
				LastSwiftUpdateCheck = 0900;
				LastUpgradeCheck = 0900;
				ORGANIZATIONNAME = deHao;
				TargetAttributes = {
					F2E5FEE71FA0163B008E7DA0 = {
						CreatedOnToolsVersion = 9.0.1;
						LastSwiftMigration = 0910;
						ProvisioningStyle = Automatic;
					};
				};
			};
			buildConfigurationList = F2E5FEE31FA0163A008E7DA0 /* Build configuration list for PBXProject "SpareChange" */;
			compatibilityVersion = "Xcode 8.0";
			developmentRegion = en;
			hasScannedForEncodings = 0;
			knownRegions = (
				en,
				Base,
			);
			mainGroup = F2E5FEDF1FA0163A008E7DA0;
			productRefGroup = F2E5FEE91FA0163B008E7DA0 /* Products */;
			projectDirPath = "";
			projectRoot = "";
			targets = (
				F2E5FEE71FA0163B008E7DA0 /* SpareChange */,
			);
		};
/* End PBXProject section */

/* Begin PBXResourcesBuildPhase section */
		F2E5FEE61FA0163B008E7DA0 /* Resources */ = {
			isa = PBXResourcesBuildPhase;
			buildActionMask = 2147483647;
			files = (
				F2A407EB1FB416A3002677B0 /* SideMenu.storyboard in Resources */,
				F2E5FEF61FA0163B008E7DA0 /* LaunchScreen.storyboard in Resources */,
				F2E5FEF31FA0163B008E7DA0 /* Assets.xcassets in Resources */,
				F2E5FEF11FA0163B008E7DA0 /* Main.storyboard in Resources */,
				F2A407F11FB41A6E002677B0 /* SpareChange in Resources */,
				F2E5FEFE1FA0170E008E7DA0 /* GoogleService-Info.plist in Resources */,
				F2A407E71FB40262002677B0 /* HomeMenu.storyboard in Resources */,
			);
			runOnlyForDeploymentPostprocessing = 0;
		};
/* End PBXResourcesBuildPhase section */

/* Begin PBXShellScriptBuildPhase section */
		1D2FC1E2A3102E9B89AC6189 /* [CP] Embed Pods Frameworks */ = {
			isa = PBXShellScriptBuildPhase;
			buildActionMask = 2147483647;
			files = (
			);
			inputPaths = (
				"${SRCROOT}/Pods/Target Support Files/Pods-SpareChange/Pods-SpareChange-frameworks.sh",
				"${BUILT_PRODUCTS_DIR}/GTMSessionFetcher/GTMSessionFetcher.framework",
				"${BUILT_PRODUCTS_DIR}/GoogleToolboxForMac/GoogleToolboxForMac.framework",
				"${BUILT_PRODUCTS_DIR}/Protobuf/Protobuf.framework",
				"${BUILT_PRODUCTS_DIR}/leveldb-library/leveldb.framework",
				"${BUILT_PRODUCTS_DIR}/nanopb/nanopb.framework",
			);
			name = "[CP] Embed Pods Frameworks";
			outputPaths = (
				"${TARGET_BUILD_DIR}/${FRAMEWORKS_FOLDER_PATH}/GTMSessionFetcher.framework",
				"${TARGET_BUILD_DIR}/${FRAMEWORKS_FOLDER_PATH}/GoogleToolboxForMac.framework",
				"${TARGET_BUILD_DIR}/${FRAMEWORKS_FOLDER_PATH}/Protobuf.framework",
				"${TARGET_BUILD_DIR}/${FRAMEWORKS_FOLDER_PATH}/leveldb.framework",
				"${TARGET_BUILD_DIR}/${FRAMEWORKS_FOLDER_PATH}/nanopb.framework",
			);
			runOnlyForDeploymentPostprocessing = 0;
			shellPath = /bin/sh;
			shellScript = "\"${SRCROOT}/Pods/Target Support Files/Pods-SpareChange/Pods-SpareChange-frameworks.sh\"\n";
			showEnvVarsInLog = 0;
		};
		8363226C05A7185E20A733B3 /* [CP] Copy Pods Resources */ = {
			isa = PBXShellScriptBuildPhase;
			buildActionMask = 2147483647;
			files = (
			);
			inputPaths = (
			);
			name = "[CP] Copy Pods Resources";
			outputPaths = (
			);
			runOnlyForDeploymentPostprocessing = 0;
			shellPath = /bin/sh;
			shellScript = "\"${SRCROOT}/Pods/Target Support Files/Pods-SpareChange/Pods-SpareChange-resources.sh\"\n";
			showEnvVarsInLog = 0;
		};
		CFB2FD57508A8D52712FE978 /* [CP] Check Pods Manifest.lock */ = {
			isa = PBXShellScriptBuildPhase;
			buildActionMask = 2147483647;
			files = (
			);
			inputPaths = (
				"${PODS_PODFILE_DIR_PATH}/Podfile.lock",
				"${PODS_ROOT}/Manifest.lock",
			);
			name = "[CP] Check Pods Manifest.lock";
			outputPaths = (
				"$(DERIVED_FILE_DIR)/Pods-SpareChange-checkManifestLockResult.txt",
			);
			runOnlyForDeploymentPostprocessing = 0;
			shellPath = /bin/sh;
			shellScript = "diff \"${PODS_PODFILE_DIR_PATH}/Podfile.lock\" \"${PODS_ROOT}/Manifest.lock\" > /dev/null\nif [ $? != 0 ] ; then\n    # print error to STDERR\n    echo \"error: The sandbox is not in sync with the Podfile.lock. Run 'pod install' or update your CocoaPods installation.\" >&2\n    exit 1\nfi\n# This output is used by Xcode 'outputs' to avoid re-running this script phase.\necho \"SUCCESS\" > \"${SCRIPT_OUTPUT_FILE_0}\"\n";
			showEnvVarsInLog = 0;
		};
/* End PBXShellScriptBuildPhase section */

/* Begin PBXSourcesBuildPhase section */
		F2E5FEE41FA0163B008E7DA0 /* Sources */ = {
			isa = PBXSourcesBuildPhase;
			buildActionMask = 2147483647;
			files = (
				F239A0E21FA0377200BC7D46 /* LoginViewController.swift in Sources */,
				F239A0E61FA037B400BC7D46 /* MainMenuViewController.swift in Sources */,
				F20441AA1FAAAF5C00032128 /* SideBar.swift in Sources */,
				F2E5FEEE1FA0163B008E7DA0 /* ViewController.swift in Sources */,
				F239A0E81FA04B9A00BC7D46 /* UIHelpers.swift in Sources */,
				F2E5FEEC1FA0163B008E7DA0 /* AppDelegate.swift in Sources */,
				F239A0E41FA0378600BC7D46 /* RegisterViewController.swift in Sources */,
				F2A407F81FB41AD6002677B0 /* SWRevealViewController.m in Sources */,
				F2A407EF1FB41737002677B0 /* SideMenuViewController.swift in Sources */,
				F2A407ED1FB416EC002677B0 /* SettingsViewController.swift in Sources */,
			);
			runOnlyForDeploymentPostprocessing = 0;
		};
/* End PBXSourcesBuildPhase section */

/* Begin PBXVariantGroup section */
		F2E5FEEF1FA0163B008E7DA0 /* Main.storyboard */ = {
			isa = PBXVariantGroup;
			children = (
				F2E5FEF01FA0163B008E7DA0 /* Base */,
			);
			name = Main.storyboard;
			sourceTree = "<group>";
		};
		F2E5FEF41FA0163B008E7DA0 /* LaunchScreen.storyboard */ = {
			isa = PBXVariantGroup;
			children = (
				F2E5FEF51FA0163B008E7DA0 /* Base */,
			);
			name = LaunchScreen.storyboard;
			sourceTree = "<group>";
		};
/* End PBXVariantGroup section */

/* Begin XCBuildConfiguration section */
		F2E5FEF81FA0163B008E7DA0 /* Debug */ = {
			isa = XCBuildConfiguration;
			buildSettings = {
				ALWAYS_SEARCH_USER_PATHS = NO;
				CLANG_ANALYZER_NONNULL = YES;
				CLANG_ANALYZER_NUMBER_OBJECT_CONVERSION = YES_AGGRESSIVE;
				CLANG_CXX_LANGUAGE_STANDARD = "gnu++14";
				CLANG_CXX_LIBRARY = "libc++";
				CLANG_ENABLE_MODULES = YES;
				CLANG_ENABLE_OBJC_ARC = YES;
				CLANG_WARN_BLOCK_CAPTURE_AUTORELEASING = YES;
				CLANG_WARN_BOOL_CONVERSION = YES;
				CLANG_WARN_COMMA = YES;
				CLANG_WARN_CONSTANT_CONVERSION = YES;
				CLANG_WARN_DIRECT_OBJC_ISA_USAGE = YES_ERROR;
				CLANG_WARN_DOCUMENTATION_COMMENTS = YES;
				CLANG_WARN_EMPTY_BODY = YES;
				CLANG_WARN_ENUM_CONVERSION = YES;
				CLANG_WARN_INFINITE_RECURSION = YES;
				CLANG_WARN_INT_CONVERSION = YES;
				CLANG_WARN_NON_LITERAL_NULL_CONVERSION = YES;
				CLANG_WARN_OBJC_LITERAL_CONVERSION = YES;
				CLANG_WARN_OBJC_ROOT_CLASS = YES_ERROR;
				CLANG_WARN_RANGE_LOOP_ANALYSIS = YES;
				CLANG_WARN_STRICT_PROTOTYPES = YES;
				CLANG_WARN_SUSPICIOUS_MOVE = YES;
				CLANG_WARN_UNGUARDED_AVAILABILITY = YES_AGGRESSIVE;
				CLANG_WARN_UNREACHABLE_CODE = YES;
				CLANG_WARN__DUPLICATE_METHOD_MATCH = YES;
				CODE_SIGN_IDENTITY = "iPhone Developer";
				COPY_PHASE_STRIP = NO;
				DEBUG_INFORMATION_FORMAT = dwarf;
				ENABLE_STRICT_OBJC_MSGSEND = YES;
				ENABLE_TESTABILITY = YES;
				GCC_C_LANGUAGE_STANDARD = gnu11;
				GCC_DYNAMIC_NO_PIC = NO;
				GCC_NO_COMMON_BLOCKS = YES;
				GCC_OPTIMIZATION_LEVEL = 0;
				GCC_PREPROCESSOR_DEFINITIONS = (
					"DEBUG=1",
					"$(inherited)",
				);
				GCC_WARN_64_TO_32_BIT_CONVERSION = YES;
				GCC_WARN_ABOUT_RETURN_TYPE = YES_ERROR;
				GCC_WARN_UNDECLARED_SELECTOR = YES;
				GCC_WARN_UNINITIALIZED_AUTOS = YES_AGGRESSIVE;
				GCC_WARN_UNUSED_FUNCTION = YES;
				GCC_WARN_UNUSED_VARIABLE = YES;
				IPHONEOS_DEPLOYMENT_TARGET = 11.0;
				MTL_ENABLE_DEBUG_INFO = YES;
				ONLY_ACTIVE_ARCH = YES;
				SDKROOT = iphoneos;
				SWIFT_ACTIVE_COMPILATION_CONDITIONS = DEBUG;
				SWIFT_OPTIMIZATION_LEVEL = "-Onone";
			};
			name = Debug;
		};
		F2E5FEF91FA0163B008E7DA0 /* Release */ = {
			isa = XCBuildConfiguration;
			buildSettings = {
				ALWAYS_SEARCH_USER_PATHS = NO;
				CLANG_ANALYZER_NONNULL = YES;
				CLANG_ANALYZER_NUMBER_OBJECT_CONVERSION = YES_AGGRESSIVE;
				CLANG_CXX_LANGUAGE_STANDARD = "gnu++14";
				CLANG_CXX_LIBRARY = "libc++";
				CLANG_ENABLE_MODULES = YES;
				CLANG_ENABLE_OBJC_ARC = YES;
				CLANG_WARN_BLOCK_CAPTURE_AUTORELEASING = YES;
				CLANG_WARN_BOOL_CONVERSION = YES;
				CLANG_WARN_COMMA = YES;
				CLANG_WARN_CONSTANT_CONVERSION = YES;
				CLANG_WARN_DIRECT_OBJC_ISA_USAGE = YES_ERROR;
				CLANG_WARN_DOCUMENTATION_COMMENTS = YES;
				CLANG_WARN_EMPTY_BODY = YES;
				CLANG_WARN_ENUM_CONVERSION = YES;
				CLANG_WARN_INFINITE_RECURSION = YES;
				CLANG_WARN_INT_CONVERSION = YES;
				CLANG_WARN_NON_LITERAL_NULL_CONVERSION = YES;
				CLANG_WARN_OBJC_LITERAL_CONVERSION = YES;
				CLANG_WARN_OBJC_ROOT_CLASS = YES_ERROR;
				CLANG_WARN_RANGE_LOOP_ANALYSIS = YES;
				CLANG_WARN_STRICT_PROTOTYPES = YES;
				CLANG_WARN_SUSPICIOUS_MOVE = YES;
				CLANG_WARN_UNGUARDED_AVAILABILITY = YES_AGGRESSIVE;
				CLANG_WARN_UNREACHABLE_CODE = YES;
				CLANG_WARN__DUPLICATE_METHOD_MATCH = YES;
				CODE_SIGN_IDENTITY = "iPhone Developer";
				COPY_PHASE_STRIP = NO;
				DEBUG_INFORMATION_FORMAT = "dwarf-with-dsym";
				ENABLE_NS_ASSERTIONS = NO;
				ENABLE_STRICT_OBJC_MSGSEND = YES;
				GCC_C_LANGUAGE_STANDARD = gnu11;
				GCC_NO_COMMON_BLOCKS = YES;
				GCC_WARN_64_TO_32_BIT_CONVERSION = YES;
				GCC_WARN_ABOUT_RETURN_TYPE = YES_ERROR;
				GCC_WARN_UNDECLARED_SELECTOR = YES;
				GCC_WARN_UNINITIALIZED_AUTOS = YES_AGGRESSIVE;
				GCC_WARN_UNUSED_FUNCTION = YES;
				GCC_WARN_UNUSED_VARIABLE = YES;
				IPHONEOS_DEPLOYMENT_TARGET = 11.0;
				MTL_ENABLE_DEBUG_INFO = NO;
				SDKROOT = iphoneos;
				SWIFT_OPTIMIZATION_LEVEL = "-Owholemodule";
				VALIDATE_PRODUCT = YES;
			};
			name = Release;
		};
		F2E5FEFB1FA0163B008E7DA0 /* Debug */ = {
			isa = XCBuildConfiguration;
			baseConfigurationReference = 42A6ED41FA3A4F276FFC4F68 /* Pods-SpareChange.debug.xcconfig */;
			buildSettings = {
				ASSETCATALOG_COMPILER_APPICON_NAME = AppIcon;
				CLANG_ENABLE_MODULES = YES;
				CODE_SIGN_STYLE = Automatic;
				DEVELOPMENT_TEAM = Q5GER5EN5K;
				INFOPLIST_FILE = SpareChange/Info.plist;
				LD_RUNPATH_SEARCH_PATHS = "$(inherited) @executable_path/Frameworks";
				PRODUCT_BUNDLE_IDENTIFIER = com.deHao.SpareChange;
				PRODUCT_NAME = "$(TARGET_NAME)";
				SWIFT_OBJC_BRIDGING_HEADER = "Side Bar Files/SpareChange-Bridging-Header.h";
				SWIFT_OPTIMIZATION_LEVEL = "-Onone";
				SWIFT_VERSION = 4.0;
				TARGETED_DEVICE_FAMILY = "1,2";
			};
			name = Debug;
		};
		F2E5FEFC1FA0163B008E7DA0 /* Release */ = {
			isa = XCBuildConfiguration;
			baseConfigurationReference = 315DC5A67E7B714DDC289E9D /* Pods-SpareChange.release.xcconfig */;
			buildSettings = {
				ASSETCATALOG_COMPILER_APPICON_NAME = AppIcon;
				CLANG_ENABLE_MODULES = YES;
				CODE_SIGN_STYLE = Automatic;
				DEVELOPMENT_TEAM = Q5GER5EN5K;
				INFOPLIST_FILE = SpareChange/Info.plist;
				LD_RUNPATH_SEARCH_PATHS = "$(inherited) @executable_path/Frameworks";
				PRODUCT_BUNDLE_IDENTIFIER = com.deHao.SpareChange;
				PRODUCT_NAME = "$(TARGET_NAME)";
				SWIFT_OBJC_BRIDGING_HEADER = "Side Bar Files/SpareChange-Bridging-Header.h";
				SWIFT_VERSION = 4.0;
				TARGETED_DEVICE_FAMILY = "1,2";
			};
			name = Release;
		};
/* End XCBuildConfiguration section */

/* Begin XCConfigurationList section */
		F2E5FEE31FA0163A008E7DA0 /* Build configuration list for PBXProject "SpareChange" */ = {
			isa = XCConfigurationList;
			buildConfigurations = (
				F2E5FEF81FA0163B008E7DA0 /* Debug */,
				F2E5FEF91FA0163B008E7DA0 /* Release */,
			);
			defaultConfigurationIsVisible = 0;
			defaultConfigurationName = Release;
		};
		F2E5FEFA1FA0163B008E7DA0 /* Build configuration list for PBXNativeTarget "SpareChange" */ = {
			isa = XCConfigurationList;
			buildConfigurations = (
				F2E5FEFB1FA0163B008E7DA0 /* Debug */,
				F2E5FEFC1FA0163B008E7DA0 /* Release */,
			);
			defaultConfigurationIsVisible = 0;
			defaultConfigurationName = Release;
		};
/* End XCConfigurationList section */
	};
	rootObject = F2E5FEE01FA0163A008E7DA0 /* Project object */;
}
